
Microsoft Visual Studio Solution File, Format Version 12.00
# Visual Studio Version 17
VisualStudioVersion = 17.5.33502.453
MinimumVisualStudioVersion = 10.0.40219.1
Project("{FAE04EC0-301F-11D3-BF4B-00C04F79EFBC}") = "lab17", "lab17\lab17.csproj", "{7EAA64EE-D110-4916-B6EB-1DF818A4399E}"
EndProject
Global
	GlobalSection(SolutionConfigurationPlatforms) = preSolution
		Debug|Any CPU = Debug|Any CPU
		Release|Any CPU = Release|Any CPU
	EndGlobalSection
	GlobalSection(ProjectConfigurationPlatforms) = postSolution
		{7EAA64EE-D110-4916-B6EB-1DF818A4399E}.Debug|Any CPU.ActiveCfg = Debug|Any CPU
		{7EAA64EE-D110-4916-B6EB-1DF818A4399E}.Debug|Any CPU.Build.0 = Debug|Any CPU
		{7EAA64EE-D110-4916-B6EB-1DF818A4399E}.Release|Any CPU.ActiveCfg = Release|Any CPU
		{7EAA64EE-D110-4916-B6EB-1DF818A4399E}.Release|Any CPU.Build.0 = Release|Any CPU
	EndGlobalSection
	GlobalSection(SolutionProperties) = preSolution
		HideSolutionNode = FALSE
	EndGlobalSection
	GlobalSection(ExtensibilityGlobals) = postSolution
		SolutionGuid = {9CE40AD8-2D32-4412-BE32-B25EB0111357}
	EndGlobalSection
EndGlobal
